
Microsoft Visual Studio Solution File, Format Version 12.00
# Visual Studio Version 17
VisualStudioVersion = 17.14.36414.22 d17.14
MinimumVisualStudioVersion = 10.0.40219.1
Project("{FAE04EC0-301F-11D3-BF4B-00C04F79EFBC}") = "DeveloperCV", "DeveloperCV\DeveloperCV.csproj", "{B8638BFF-11C2-43AD-803C-F88BDF0B8C5D}"
EndProject
Global
	GlobalSection(SolutionConfigurationPlatforms) = preSolution
		Debug|Any CPU = Debug|Any CPU
		Release|Any CPU = Release|Any CPU
	EndGlobalSection
	GlobalSection(ProjectConfigurationPlatforms) = postSolution
		{B8638BFF-11C2-43AD-803C-F88BDF0B8C5D}.Debug|Any CPU.ActiveCfg = Debug|Any CPU
		{B8638BFF-11C2-43AD-803C-F88BDF0B8C5D}.Debug|Any CPU.Build.0 = Debug|Any CPU
		{B8638BFF-11C2-43AD-803C-F88BDF0B8C5D}.Release|Any CPU.ActiveCfg = Release|Any CPU
		{B8638BFF-11C2-43AD-803C-F88BDF0B8C5D}.Release|Any CPU.Build.0 = Release|Any CPU
	EndGlobalSection
	GlobalSection(SolutionProperties) = preSolution
		HideSolutionNode = FALSE
	EndGlobalSection
	GlobalSection(ExtensibilityGlobals) = postSolution
		SolutionGuid = {9045A5AE-3935-4763-A36D-514FA5FDF168}
	EndGlobalSection
EndGlobal
